
Microsoft Visual Studio Solution File, Format Version 12.00
# Visual Studio Version 17
VisualStudioVersion = 17.7.34221.43
MinimumVisualStudioVersion = 10.0.40219.1
Project("{FAE04EC0-301F-11D3-BF4B-00C04F79EFBC}") = "CapaP", "Capa P\CapaP.csproj", "{4004C039-9E60-4392-997A-2449E5C7172B}"
EndProject
Project("{FAE04EC0-301F-11D3-BF4B-00C04F79EFBC}") = "CapaN", "Capa N\CapaN.csproj", "{65B328BE-E27F-476C-9A15-D848989A5E18}"
EndProject
Project("{FAE04EC0-301F-11D3-BF4B-00C04F79EFBC}") = "CapaA", "Capa A\CapaA.csproj", "{5F5AED20-2323-474C-AA5B-3A9040B4D28A}"
EndProject
Global
	GlobalSection(SolutionConfigurationPlatforms) = preSolution
		Debug|Any CPU = Debug|Any CPU
		Release|Any CPU = Release|Any CPU
	EndGlobalSection
	GlobalSection(ProjectConfigurationPlatforms) = postSolution
		{4004C039-9E60-4392-997A-2449E5C7172B}.Debug|Any CPU.ActiveCfg = Debug|Any CPU
		{4004C039-9E60-4392-997A-2449E5C7172B}.Debug|Any CPU.Build.0 = Debug|Any CPU
		{4004C039-9E60-4392-997A-2449E5C7172B}.Release|Any CPU.ActiveCfg = Release|Any CPU
		{4004C039-9E60-4392-997A-2449E5C7172B}.Release|Any CPU.Build.0 = Release|Any CPU
		{65B328BE-E27F-476C-9A15-D848989A5E18}.Debug|Any CPU.ActiveCfg = Debug|Any CPU
		{65B328BE-E27F-476C-9A15-D848989A5E18}.Debug|Any CPU.Build.0 = Debug|Any CPU
		{65B328BE-E27F-476C-9A15-D848989A5E18}.Release|Any CPU.ActiveCfg = Release|Any CPU
		{65B328BE-E27F-476C-9A15-D848989A5E18}.Release|Any CPU.Build.0 = Release|Any CPU
		{5F5AED20-2323-474C-AA5B-3A9040B4D28A}.Debug|Any CPU.ActiveCfg = Debug|Any CPU
		{5F5AED20-2323-474C-AA5B-3A9040B4D28A}.Debug|Any CPU.Build.0 = Debug|Any CPU
		{5F5AED20-2323-474C-AA5B-3A9040B4D28A}.Release|Any CPU.ActiveCfg = Release|Any CPU
		{5F5AED20-2323-474C-AA5B-3A9040B4D28A}.Release|Any CPU.Build.0 = Release|Any CPU
	EndGlobalSection
	GlobalSection(SolutionProperties) = preSolution
		HideSolutionNode = FALSE
	EndGlobalSection
	GlobalSection(ExtensibilityGlobals) = postSolution
		SolutionGuid = {48B83E6D-5A4C-4C77-A973-F0AFF497FE43}
	EndGlobalSection
EndGlobal
